// !$*UTF8*$!
{
	archiveVersion = 1;
	classes = {
	};
	objectVersion = 51;
	objects = {

/* Begin PBXBuildFile section */
		494A374A22CF679000E8308E /* AppDelegate.swift in Sources */ = {isa = PBXBuildFile; fileRef = 494A374922CF679000E8308E /* AppDelegate.swift */; };
		494A374C22CF679000E8308E /* ViewController.swift in Sources */ = {isa = PBXBuildFile; fileRef = 494A374B22CF679000E8308E /* ViewController.swift */; };
		494A374F22CF679000E8308E /* Main.storyboard in Resources */ = {isa = PBXBuildFile; fileRef = 494A374D22CF679000E8308E /* Main.storyboard */; };
		494A375122CF679200E8308E /* Assets.xcassets in Resources */ = {isa = PBXBuildFile; fileRef = 494A375022CF679200E8308E /* Assets.xcassets */; };
		494A375422CF679200E8308E /* LaunchScreen.storyboard in Resources */ = {isa = PBXBuildFile; fileRef = 494A375222CF679200E8308E /* LaunchScreen.storyboard */; };
		9B12C4862030B1439333FE1B /* Pods_getARoute.framework in Frameworks */ = {isa = PBXBuildFile; fileRef = 7BDD705D3C05C7E8C452C7B8 /* Pods_getARoute.framework */; };
/* End PBXBuildFile section */

/* Begin PBXFileReference section */
		494A374622CF679000E8308E /* getARoute.app */ = {isa = PBXFileReference; explicitFileType = wrapper.application; includeInIndex = 0; path = getARoute.app; sourceTree = BUILT_PRODUCTS_DIR; };
		494A374922CF679000E8308E /* AppDelegate.swift */ = {isa = PBXFileReference; lastKnownFileType = sourcecode.swift; path = AppDelegate.swift; sourceTree = "<group>"; };
		494A374B22CF679000E8308E /* ViewController.swift */ = {isa = PBXFileReference; lastKnownFileType = sourcecode.swift; path = ViewController.swift; sourceTree = "<group>"; };
		494A374E22CF679000E8308E /* Base */ = {isa = PBXFileReference; lastKnownFileType = file.storyboard; name = Base; path = Base.lproj/Main.storyboard; sourceTree = "<group>"; };
		494A375022CF679200E8308E /* Assets.xcassets */ = {isa = PBXFileReference; lastKnownFileType = folder.assetcatalog; path = Assets.xcassets; sourceTree = "<group>"; };
		494A375322CF679200E8308E /* Base */ = {isa = PBXFileReference; lastKnownFileType = file.storyboard; name = Base; path = Base.lproj/LaunchScreen.storyboard; sourceTree = "<group>"; };
		494A375522CF679200E8308E /* Info.plist */ = {isa = PBXFileReference; lastKnownFileType = text.plist.xml; path = Info.plist; sourceTree = "<group>"; };
		4BF4DCFFCC88E34F99B6C476 /* Pods-getARoute.debug.xcconfig */ = {isa = PBXFileReference; includeInIndex = 1; lastKnownFileType = text.xcconfig; name = "Pods-getARoute.debug.xcconfig"; path = "Target Support Files/Pods-getARoute/Pods-getARoute.debug.xcconfig"; sourceTree = "<group>"; };
		7BDD705D3C05C7E8C452C7B8 /* Pods_getARoute.framework */ = {isa = PBXFileReference; explicitFileType = wrapper.framework; includeInIndex = 0; path = Pods_getARoute.framework; sourceTree = BUILT_PRODUCTS_DIR; };
		DC87103C1CF45D2662612B12 /* Pods-getARoute.release.xcconfig */ = {isa = PBXFileReference; includeInIndex = 1; lastKnownFileType = text.xcconfig; name = "Pods-getARoute.release.xcconfig"; path = "Target Support Files/Pods-getARoute/Pods-getARoute.release.xcconfig"; sourceTree = "<group>"; };
/* End PBXFileReference section */

/* Begin PBXFrameworksBuildPhase section */
		494A374322CF679000E8308E /* Frameworks */ = {
			isa = PBXFrameworksBuildPhase;
			buildActionMask = 2147483647;
			files = (
				9B12C4862030B1439333FE1B /* Pods_getARoute.framework in Frameworks */,
			);
			runOnlyForDeploymentPostprocessing = 0;
		};
/* End PBXFrameworksBuildPhase section */

/* Begin PBXGroup section */
		494A373D22CF679000E8308E = {
			isa = PBXGroup;
			children = (
				494A374822CF679000E8308E /* getARoute */,
				494A374722CF679000E8308E /* Products */,
				9A43D4EB3F50D289BF86CA93 /* Pods */,
				E4AE65087DD3CF2A21FD4784 /* Frameworks */,
			);
			sourceTree = "<group>";
		};
		494A374722CF679000E8308E /* Products */ = {
			isa = PBXGroup;
			children = (
				494A374622CF679000E8308E /* getARoute.app */,
			);
			name = Products;
			sourceTree = "<group>";
		};
		494A374822CF679000E8308E /* getARoute */ = {
			isa = PBXGroup;
			children = (
				494A374922CF679000E8308E /* AppDelegate.swift */,
				494A374B22CF679000E8308E /* ViewController.swift */,
				494A374D22CF679000E8308E /* Main.storyboard */,
				494A375022CF679200E8308E /* Assets.xcassets */,
				494A375222CF679200E8308E /* LaunchScreen.storyboard */,
				494A375522CF679200E8308E /* Info.plist */,
			);
			path = getARoute;
			sourceTree = "<group>";
		};
		9A43D4EB3F50D289BF86CA93 /* Pods */ = {
			isa = PBXGroup;
			children = (
				4BF4DCFFCC88E34F99B6C476 /* Pods-getARoute.debug.xcconfig */,
				DC87103C1CF45D2662612B12 /* Pods-getARoute.release.xcconfig */,
			);
			path = Pods;
			sourceTree = "<group>";
		};
		E4AE65087DD3CF2A21FD4784 /* Frameworks */ = {
			isa = PBXGroup;
			children = (
				7BDD705D3C05C7E8C452C7B8 /* Pods_getARoute.framework */,
			);
			name = Frameworks;
			sourceTree = "<group>";
		};
/* End PBXGroup section */

/* Begin PBXNativeTarget section */
		494A374522CF679000E8308E /* getARoute */ = {
			isa = PBXNativeTarget;
			buildConfigurationList = 494A375822CF679200E8308E /* Build configuration list for PBXNativeTarget "getARoute" */;
			buildPhases = (
				8CC58FF7C4585F5A56987BB4 /* [CP] Check Pods Manifest.lock */,
				494A374222CF679000E8308E /* Sources */,
				494A374322CF679000E8308E /* Frameworks */,
				494A374422CF679000E8308E /* Resources */,
				E199CDD7E70FE34B1ABBFF05 /* [CP] Copy Pods Resources */,
				8D28BDEA92B4F570266F7769 /* [CP] Embed Pods Frameworks */,
			);
			buildRules = (
			);
			dependencies = (
			);
			name = getARoute;
			productName = getARoute;
			productReference = 494A374622CF679000E8308E /* getARoute.app */;
			productType = "com.apple.product-type.application";
		};
/* End PBXNativeTarget section */

/* Begin PBXProject section */
		494A373E22CF679000E8308E /* Project object */ = {
			isa = PBXProject;
			attributes = {
				LastSwiftUpdateCheck = 1020;
				LastUpgradeCheck = 1020;
				ORGANIZATIONNAME = aryabenk;
				TargetAttributes = {
					494A374522CF679000E8308E = {
						CreatedOnToolsVersion = 10.2.1;
					};
				};
			};
			buildConfigurationList = 494A374122CF679000E8308E /* Build configuration list for PBXProject "getARoute" */;
			compatibilityVersion = "Xcode 9.3";
			developmentRegion = en;
			hasScannedForEncodings = 0;
			knownRegions = (
				en,
				Base,
			);
			mainGroup = 494A373D22CF679000E8308E;
			productRefGroup = 494A374722CF679000E8308E /* Products */;
			projectDirPath = "";
			projectRoot = "";
			targets = (
				494A374522CF679000E8308E /* getARoute */,
			);
		};
/* End PBXProject section */

/* Begin PBXResourcesBuildPhase section */
		494A374422CF679000E8308E /* Resources */ = {
			isa = PBXResourcesBuildPhase;
			buildActionMask = 2147483647;
			files = (
				494A375422CF679200E8308E /* LaunchScreen.storyboard in Resources */,
				494A375122CF679200E8308E /* Assets.xcassets in Resources */,
				494A374F22CF679000E8308E /* Main.storyboard in Resources */,
			);
			runOnlyForDeploymentPostprocessing = 0;
		};
/* End PBXResourcesBuildPhase section */

/* Begin PBXShellScriptBuildPhase section */
		8CC58FF7C4585F5A56987BB4 /* [CP] Check Pods Manifest.lock */ = {
			isa = PBXShellScriptBuildPhase;
			buildActionMask = 2147483647;
			files = (
			);
			inputFileListPaths = (
			);
			inputPaths = (
				"${PODS_PODFILE_DIR_PATH}/Podfile.lock",
				"${PODS_ROOT}/Manifest.lock",
			);
			name = "[CP] Check Pods Manifest.lock";
			outputFileListPaths = (
			);
			outputPaths = (
				"$(DERIVED_FILE_DIR)/Pods-getARoute-checkManifestLockResult.txt",
			);
			runOnlyForDeploymentPostprocessing = 0;
			shellPath = /bin/sh;
			shellScript = "diff \"${PODS_PODFILE_DIR_PATH}/Podfile.lock\" \"${PODS_ROOT}/Manifest.lock\" > /dev/null\nif [ $? != 0 ] ; then\n    # print error to STDERR\n    echo \"error: The sandbox is not in sync with the Podfile.lock. Run 'pod install' or update your CocoaPods installation.\" >&2\n    exit 1\nfi\n# This output is used by Xcode 'outputs' to avoid re-running this script phase.\necho \"SUCCESS\" > \"${SCRIPT_OUTPUT_FILE_0}\"\n";
			showEnvVarsInLog = 0;
		};
		8D28BDEA92B4F570266F7769 /* [CP] Embed Pods Frameworks */ = {
			isa = PBXShellScriptBuildPhase;
			buildActionMask = 2147483647;
			files = (
			);
			inputFileListPaths = (
				"${PODS_ROOT}/Target Support Files/Pods-getARoute/Pods-getARoute-frameworks-${CONFIGURATION}-input-files.xcfilelist",
			);
			name = "[CP] Embed Pods Frameworks";
			outputFileListPaths = (
				"${PODS_ROOT}/Target Support Files/Pods-getARoute/Pods-getARoute-frameworks-${CONFIGURATION}-output-files.xcfilelist",
			);
			runOnlyForDeploymentPostprocessing = 0;
			shellPath = /bin/sh;
			shellScript = "\"${PODS_ROOT}/Target Support Files/Pods-getARoute/Pods-getARoute-frameworks.sh\"\n";
			showEnvVarsInLog = 0;
		};
		E199CDD7E70FE34B1ABBFF05 /* [CP] Copy Pods Resources */ = {
			isa = PBXShellScriptBuildPhase;
			buildActionMask = 2147483647;
			files = (
			);
			inputFileListPaths = (
				"${PODS_ROOT}/Target Support Files/Pods-getARoute/Pods-getARoute-resources-${CONFIGURATION}-input-files.xcfilelist",
			);
			name = "[CP] Copy Pods Resources";
			outputFileListPaths = (
				"${PODS_ROOT}/Target Support Files/Pods-getARoute/Pods-getARoute-resources-${CONFIGURATION}-output-files.xcfilelist",
			);
			runOnlyForDeploymentPostprocessing = 0;
			shellPath = /bin/sh;
			shellScript = "\"${PODS_ROOT}/Target Support Files/Pods-getARoute/Pods-getARoute-resources.sh\"\n";
			showEnvVarsInLog = 0;
		};
/* End PBXShellScriptBuildPhase section */

/* Begin PBXSourcesBuildPhase section */
		494A374222CF679000E8308E /* Sources */ = {
			isa = PBXSourcesBuildPhase;
			buildActionMask = 2147483647;
			files = (
				494A374C22CF679000E8308E /* ViewController.swift in Sources */,
				494A374A22CF679000E8308E /* AppDelegate.swift in Sources */,
			);
			runOnlyForDeploymentPostprocessing = 0;
		};
/* End PBXSourcesBuildPhase section */

/* Begin PBXVariantGroup section */
		494A374D22CF679000E8308E /* Main.storyboard */ = {
			isa = PBXVariantGroup;
			children = (
				494A374E22CF679000E8308E /* Base */,
			);
			name = Main.storyboard;
			sourceTree = "<group>";
		};
		494A375222CF679200E8308E /* LaunchScreen.storyboard */ = {
			isa = PBXVariantGroup;
			children = (
				494A375322CF679200E8308E /* Base */,
			);
			name = LaunchScreen.storyboard;
			sourceTree = "<group>";
		};
/* End PBXVariantGroup section */

/* Begin XCBuildConfiguration section */
		494A375622CF679200E8308E /* Debug */ = {
			isa = XCBuildConfiguration;
			buildSettings = {
				ALWAYS_SEARCH_USER_PATHS = NO;
				CLANG_ANALYZER_NONNULL = YES;
				CLANG_ANALYZER_NUMBER_OBJECT_CONVERSION = YES_AGGRESSIVE;
				CLANG_CXX_LANGUAGE_STANDARD = "gnu++14";
				CLANG_CXX_LIBRARY = "libc++";
				CLANG_ENABLE_MODULES = YES;
				CLANG_ENABLE_OBJC_ARC = YES;
				CLANG_ENABLE_OBJC_WEAK = YES;
				CLANG_WARN_BLOCK_CAPTURE_AUTORELEASING = YES;
				CLANG_WARN_BOOL_CONVERSION = YES;
				CLANG_WARN_COMMA = YES;
				CLANG_WARN_CONSTANT_CONVERSION = YES;
				CLANG_WARN_DEPRECATED_OBJC_IMPLEMENTATIONS = YES;
				CLANG_WARN_DIRECT_OBJC_ISA_USAGE = YES_ERROR;
				CLANG_WARN_DOCUMENTATION_COMMENTS = YES;
				CLANG_WARN_EMPTY_BODY = YES;
				CLANG_WARN_ENUM_CONVERSION = YES;
				CLANG_WARN_INFINITE_RECURSION = YES;
				CLANG_WARN_INT_CONVERSION = YES;
				CLANG_WARN_NON_LITERAL_NULL_CONVERSION = YES;
				CLANG_WARN_OBJC_IMPLICIT_RETAIN_SELF = YES;
				CLANG_WARN_OBJC_LITERAL_CONVERSION = YES;
				CLANG_WARN_OBJC_ROOT_CLASS = YES_ERROR;
				CLANG_WARN_RANGE_LOOP_ANALYSIS = YES;
				CLANG_WARN_STRICT_PROTOTYPES = YES;
				CLANG_WARN_SUSPICIOUS_MOVE = YES;
				CLANG_WARN_UNGUARDED_AVAILABILITY = YES_AGGRESSIVE;
				CLANG_WARN_UNREACHABLE_CODE = YES;
				CLANG_WARN__DUPLICATE_METHOD_MATCH = YES;
				CODE_SIGN_IDENTITY = "iPhone Developer";
				COPY_PHASE_STRIP = NO;
				DEBUG_INFORMATION_FORMAT = dwarf;
				ENABLE_STRICT_OBJC_MSGSEND = YES;
				ENABLE_TESTABILITY = YES;
				GCC_C_LANGUAGE_STANDARD = gnu11;
				GCC_DYNAMIC_NO_PIC = NO;
				GCC_NO_COMMON_BLOCKS = YES;
				GCC_OPTIMIZATION_LEVEL = 0;
				GCC_PREPROCESSOR_DEFINITIONS = (
					"DEBUG=1",
					"$(inherited)",
				);
				GCC_WARN_64_TO_32_BIT_CONVERSION = YES;
				GCC_WARN_ABOUT_RETURN_TYPE = YES_ERROR;
				GCC_WARN_UNDECLARED_SELECTOR = YES;
				GCC_WARN_UNINITIALIZED_AUTOS = YES_AGGRESSIVE;
				GCC_WARN_UNUSED_FUNCTION = YES;
				GCC_WARN_UNUSED_VARIABLE = YES;
				IPHONEOS_DEPLOYMENT_TARGET = 12.2;
				MTL_ENABLE_DEBUG_INFO = INCLUDE_SOURCE;
				MTL_FAST_MATH = YES;
				ONLY_ACTIVE_ARCH = YES;
				SDKROOT = iphoneos;
				SWIFT_ACTIVE_COMPILATION_CONDITIONS = DEBUG;
				SWIFT_OPTIMIZATION_LEVEL = "-Onone";
			};
			name = Debug;
		};
		494A375722CF679200E8308E /* Release */ = {
			isa = XCBuildConfiguration;
			buildSettings = {
				ALWAYS_SEARCH_USER_PATHS = NO;
				CLANG_ANALYZER_NONNULL = YES;
				CLANG_ANALYZER_NUMBER_OBJECT_CONVERSION = YES_AGGRESSIVE;
				CLANG_CXX_LANGUAGE_STANDARD = "gnu++14";
				CLANG_CXX_LIBRARY = "libc++";
				CLANG_ENABLE_MODULES = YES;
				CLANG_ENABLE_OBJC_ARC = YES;
				CLANG_ENABLE_OBJC_WEAK = YES;
				CLANG_WARN_BLOCK_CAPTURE_AUTORELEASING = YES;
				CLANG_WARN_BOOL_CONVERSION = YES;
				CLANG_WARN_COMMA = YES;
				CLANG_WARN_CONSTANT_CONVERSION = YES;
				CLANG_WARN_DEPRECATED_OBJC_IMPLEMENTATIONS = YES;
				CLANG_WARN_DIRECT_OBJC_ISA_USAGE = YES_ERROR;
				CLANG_WARN_DOCUMENTATION_COMMENTS = YES;
				CLANG_WARN_EMPTY_BODY = YES;
				CLANG_WARN_ENUM_CONVERSION = YES;
				CLANG_WARN_INFINITE_RECURSION = YES;
				CLANG_WARN_INT_CONVERSION = YES;
				CLANG_WARN_NON_LITERAL_NULL_CONVERSION = YES;
				CLANG_WARN_OBJC_IMPLICIT_RETAIN_SELF = YES;
				CLANG_WARN_OBJC_LITERAL_CONVERSION = YES;
				CLANG_WARN_OBJC_ROOT_CLASS = YES_ERROR;
				CLANG_WARN_RANGE_LOOP_ANALYSIS = YES;
				CLANG_WARN_STRICT_PROTOTYPES = YES;
				CLANG_WARN_SUSPICIOUS_MOVE = YES;
				CLANG_WARN_UNGUARDED_AVAILABILITY = YES_AGGRESSIVE;
				CLANG_WARN_UNREACHABLE_CODE = YES;
				CLANG_WARN__DUPLICATE_METHOD_MATCH = YES;
				CODE_SIGN_IDENTITY = "iPhone Developer";
				COPY_PHASE_STRIP = NO;
				DEBUG_INFORMATION_FORMAT = "dwarf-with-dsym";
				ENABLE_NS_ASSERTIONS = NO;
				ENABLE_STRICT_OBJC_MSGSEND = YES;
				GCC_C_LANGUAGE_STANDARD = gnu11;
				GCC_NO_COMMON_BLOCKS = YES;
				GCC_WARN_64_TO_32_BIT_CONVERSION = YES;
				GCC_WARN_ABOUT_RETURN_TYPE = YES_ERROR;
				GCC_WARN_UNDECLARED_SELECTOR = YES;
				GCC_WARN_UNINITIALIZED_AUTOS = YES_AGGRESSIVE;
				GCC_WARN_UNUSED_FUNCTION = YES;
				GCC_WARN_UNUSED_VARIABLE = YES;
				IPHONEOS_DEPLOYMENT_TARGET = 12.2;
				MTL_ENABLE_DEBUG_INFO = NO;
				MTL_FAST_MATH = YES;
				SDKROOT = iphoneos;
				SWIFT_COMPILATION_MODE = wholemodule;
				SWIFT_OPTIMIZATION_LEVEL = "-O";
				VALIDATE_PRODUCT = YES;
			};
			name = Release;
		};
		494A375922CF679200E8308E /* Debug */ = {
			isa = XCBuildConfiguration;
			baseConfigurationReference = 4BF4DCFFCC88E34F99B6C476 /* Pods-getARoute.debug.xcconfig */;
			buildSettings = {
				ASSETCATALOG_COMPILER_APPICON_NAME = AppIcon;
				CODE_SIGN_STYLE = Automatic;
				DEVELOPMENT_TEAM = VT5BZ37CZN;
				INFOPLIST_FILE = getARoute/Info.plist;
				LD_RUNPATH_SEARCH_PATHS = (
					"$(inherited)",
					"@executable_path/Frameworks",
				);
				PRODUCT_BUNDLE_IDENTIFIER = aryabenk.getARoute;
				PRODUCT_NAME = "$(TARGET_NAME)";
				SWIFT_VERSION = 5.0;
				TARGETED_DEVICE_FAMILY = "1,2";
			};
			name = Debug;
		};
		494A375A22CF679200E8308E /* Release */ = {
			isa = XCBuildConfiguration;
			baseConfigurationReference = DC87103C1CF45D2662612B12 /* Pods-getARoute.release.xcconfig */;
			buildSettings = {
				ASSETCATALOG_COMPILER_APPICON_NAME = AppIcon;
				CODE_SIGN_STYLE = Automatic;
				DEVELOPMENT_TEAM = VT5BZ37CZN;
				INFOPLIST_FILE = getARoute/Info.plist;
				LD_RUNPATH_SEARCH_PATHS = (
					"$(inherited)",
					"@executable_path/Frameworks",
				);
				PRODUCT_BUNDLE_IDENTIFIER = aryabenk.getARoute;
				PRODUCT_NAME = "$(TARGET_NAME)";
				SWIFT_VERSION = 5.0;
				TARGETED_DEVICE_FAMILY = "1,2";
			};
			name = Release;
		};
/* End XCBuildConfiguration section */

/* Begin XCConfigurationList section */
		494A374122CF679000E8308E /* Build configuration list for PBXProject "getARoute" */ = {
			isa = XCConfigurationList;
			buildConfigurations = (
				494A375622CF679200E8308E /* Debug */,
				494A375722CF679200E8308E /* Release */,
			);
			defaultConfigurationIsVisible = 0;
			defaultConfigurationName = Release;
		};
		494A375822CF679200E8308E /* Build configuration list for PBXNativeTarget "getARoute" */ = {
			isa = XCConfigurationList;
			buildConfigurations = (
				494A375922CF679200E8308E /* Debug */,
				494A375A22CF679200E8308E /* Release */,
			);
			defaultConfigurationIsVisible = 0;
			defaultConfigurationName = Release;
		};
/* End XCConfigurationList section */
	};
	rootObject = 494A373E22CF679000E8308E /* Project object */;
}
